{
  "name": "courseflow",
  "version": "2.0.0",
  "lockfileVersion": 3,
  "requires": true,
  "packages": {
    "": {
      "name": "courseflow",
      "version": "2.0.0",
      "license": "MIT",
      "bin": {
        "courseflow": "courseflow.js"
      },
      "engines": {
        "node": "20.x"
      }
    }
  }
}
